// !$*UTF8*$!
{
	archiveVersion = 1;
	classes = {
	};
	objectVersion = 56;
	objects = {

/* Begin PBXBuildFile section */
		314A3AB32BDC056500AF8B9F /* AppDelegate.swift in Sources */ = {isa = PBXBuildFile; fileRef = 314A3AB22BDC056500AF8B9F /* AppDelegate.swift */; };
		314A3AB52BDC056600AF8B9F /* SceneDelegate.swift in Sources */ = {isa = PBXBuildFile; fileRef = 314A3AB42BDC056600AF8B9F /* SceneDelegate.swift */; };
		314A3AB72BDC056600AF8B9F /* ViewController.swift in Sources */ = {isa = PBXBuildFile; fileRef = 314A3AB62BDC056600AF8B9F /* ViewController.swift */; };
		314A3ABA2BDC056600AF8B9F /* Main.storyboard in Resources */ = {isa = PBXBuildFile; fileRef = 314A3AB82BDC056600AF8B9F /* Main.storyboard */; };
		314A3ABC2BDC056700AF8B9F /* Assets.xcassets in Resources */ = {isa = PBXBuildFile; fileRef = 314A3ABB2BDC056700AF8B9F /* Assets.xcassets */; };
		314A3ABF2BDC056700AF8B9F /* LaunchScreen.storyboard in Resources */ = {isa = PBXBuildFile; fileRef = 314A3ABD2BDC056700AF8B9F /* LaunchScreen.storyboard */; };
		314A3ACB2BDC062600AF8B9F /* APIService.swift in Sources */ = {isa = PBXBuildFile; fileRef = 314A3ACA2BDC062600AF8B9F /* APIService.swift */; };
		314A3ACD2BDC065C00AF8B9F /* Post.swift in Sources */ = {isa = PBXBuildFile; fileRef = 314A3ACC2BDC065C00AF8B9F /* Post.swift */; };
		314A3ACF2BDC06AB00AF8B9F /* PostViewModel.swift in Sources */ = {isa = PBXBuildFile; fileRef = 314A3ACE2BDC06AB00AF8B9F /* PostViewModel.swift */; };
		D87CF4942BDC1B130082CB02 /* DetailViewController.swift in Sources */ = {isa = PBXBuildFile; fileRef = D87CF4932BDC1B130082CB02 /* DetailViewController.swift */; };
/* End PBXBuildFile section */

/* Begin PBXFileReference section */
		314A3AAF2BDC056500AF8B9F /* iOSTest.app */ = {isa = PBXFileReference; explicitFileType = wrapper.application; includeInIndex = 0; path = iOSTest.app; sourceTree = BUILT_PRODUCTS_DIR; };
		314A3AB22BDC056500AF8B9F /* AppDelegate.swift */ = {isa = PBXFileReference; lastKnownFileType = sourcecode.swift; path = AppDelegate.swift; sourceTree = "<group>"; };
		314A3AB42BDC056600AF8B9F /* SceneDelegate.swift */ = {isa = PBXFileReference; lastKnownFileType = sourcecode.swift; path = SceneDelegate.swift; sourceTree = "<group>"; };
		314A3AB62BDC056600AF8B9F /* ViewController.swift */ = {isa = PBXFileReference; lastKnownFileType = sourcecode.swift; path = ViewController.swift; sourceTree = "<group>"; };
		314A3AB92BDC056600AF8B9F /* Base */ = {isa = PBXFileReference; lastKnownFileType = file.storyboard; name = Base; path = Base.lproj/Main.storyboard; sourceTree = "<group>"; };
		314A3ABB2BDC056700AF8B9F /* Assets.xcassets */ = {isa = PBXFileReference; lastKnownFileType = folder.assetcatalog; path = Assets.xcassets; sourceTree = "<group>"; };
		314A3ABE2BDC056700AF8B9F /* Base */ = {isa = PBXFileReference; lastKnownFileType = file.storyboard; name = Base; path = Base.lproj/LaunchScreen.storyboard; sourceTree = "<group>"; };
		314A3AC02BDC056700AF8B9F /* Info.plist */ = {isa = PBXFileReference; lastKnownFileType = text.plist.xml; path = Info.plist; sourceTree = "<group>"; };
		314A3ACA2BDC062600AF8B9F /* APIService.swift */ = {isa = PBXFileReference; lastKnownFileType = sourcecode.swift; path = APIService.swift; sourceTree = "<group>"; };
		314A3ACC2BDC065C00AF8B9F /* Post.swift */ = {isa = PBXFileReference; lastKnownFileType = sourcecode.swift; path = Post.swift; sourceTree = "<group>"; };
		314A3ACE2BDC06AB00AF8B9F /* PostViewModel.swift */ = {isa = PBXFileReference; lastKnownFileType = sourcecode.swift; path = PostViewModel.swift; sourceTree = "<group>"; };
		D87CF4932BDC1B130082CB02 /* DetailViewController.swift */ = {isa = PBXFileReference; fileEncoding = 4; lastKnownFileType = sourcecode.swift; path = DetailViewController.swift; sourceTree = "<group>"; };
/* End PBXFileReference section */

/* Begin PBXFrameworksBuildPhase section */
		314A3AAC2BDC056500AF8B9F /* Frameworks */ = {
			isa = PBXFrameworksBuildPhase;
			buildActionMask = 2147483647;
			files = (
			);
			runOnlyForDeploymentPostprocessing = 0;
		};
/* End PBXFrameworksBuildPhase section */

/* Begin PBXGroup section */
		314A3AA62BDC056500AF8B9F = {
			isa = PBXGroup;
			children = (
				314A3AB12BDC056500AF8B9F /* iOSTest */,
				314A3AB02BDC056500AF8B9F /* Products */,
			);
			sourceTree = "<group>";
		};
		314A3AB02BDC056500AF8B9F /* Products */ = {
			isa = PBXGroup;
			children = (
				314A3AAF2BDC056500AF8B9F /* iOSTest.app */,
			);
			name = Products;
			sourceTree = "<group>";
		};
		314A3AB12BDC056500AF8B9F /* iOSTest */ = {
			isa = PBXGroup;
			children = (
				314A3AC92BDC061800AF8B9F /* APIService */,
				314A3AC82BDC058900AF8B9F /* Model */,
				314A3AC72BDC057E00AF8B9F /* ViewModel */,
				314A3AC62BDC057600AF8B9F /* View */,
				314A3AB22BDC056500AF8B9F /* AppDelegate.swift */,
				314A3AB42BDC056600AF8B9F /* SceneDelegate.swift */,
				314A3ABB2BDC056700AF8B9F /* Assets.xcassets */,
				314A3ABD2BDC056700AF8B9F /* LaunchScreen.storyboard */,
				314A3AC02BDC056700AF8B9F /* Info.plist */,
			);
			path = iOSTest;
			sourceTree = "<group>";
		};
		314A3AC62BDC057600AF8B9F /* View */ = {
			isa = PBXGroup;
			children = (
				D87CF4932BDC1B130082CB02 /* DetailViewController.swift */,
				314A3AB62BDC056600AF8B9F /* ViewController.swift */,
				314A3AB82BDC056600AF8B9F /* Main.storyboard */,
			);
			path = View;
			sourceTree = "<group>";
		};
		314A3AC72BDC057E00AF8B9F /* ViewModel */ = {
			isa = PBXGroup;
			children = (
				314A3ACE2BDC06AB00AF8B9F /* PostViewModel.swift */,
			);
			path = ViewModel;
			sourceTree = "<group>";
		};
		314A3AC82BDC058900AF8B9F /* Model */ = {
			isa = PBXGroup;
			children = (
				314A3ACC2BDC065C00AF8B9F /* Post.swift */,
			);
			path = Model;
			sourceTree = "<group>";
		};
		314A3AC92BDC061800AF8B9F /* APIService */ = {
			isa = PBXGroup;
			children = (
				314A3ACA2BDC062600AF8B9F /* APIService.swift */,
			);
			path = APIService;
			sourceTree = "<group>";
		};
/* End PBXGroup section */

/* Begin PBXNativeTarget section */
		314A3AAE2BDC056500AF8B9F /* iOSTest */ = {
			isa = PBXNativeTarget;
			buildConfigurationList = 314A3AC32BDC056700AF8B9F /* Build configuration list for PBXNativeTarget "iOSTest" */;
			buildPhases = (
				314A3AAB2BDC056500AF8B9F /* Sources */,
				314A3AAC2BDC056500AF8B9F /* Frameworks */,
				314A3AAD2BDC056500AF8B9F /* Resources */,
			);
			buildRules = (
			);
			dependencies = (
			);
			name = iOSTest;
			productName = iOSTest;
			productReference = 314A3AAF2BDC056500AF8B9F /* iOSTest.app */;
			productType = "com.apple.product-type.application";
		};
/* End PBXNativeTarget section */

/* Begin PBXProject section */
		314A3AA72BDC056500AF8B9F /* Project object */ = {
			isa = PBXProject;
			attributes = {
				BuildIndependentTargetsInParallel = 1;
				LastSwiftUpdateCheck = 1500;
				LastUpgradeCheck = 1500;
				TargetAttributes = {
					314A3AAE2BDC056500AF8B9F = {
						CreatedOnToolsVersion = 15.0.1;
					};
				};
			};
			buildConfigurationList = 314A3AAA2BDC056500AF8B9F /* Build configuration list for PBXProject "iOSTest" */;
			compatibilityVersion = "Xcode 14.0";
			developmentRegion = en;
			hasScannedForEncodings = 0;
			knownRegions = (
				en,
				Base,
			);
			mainGroup = 314A3AA62BDC056500AF8B9F;
			productRefGroup = 314A3AB02BDC056500AF8B9F /* Products */;
			projectDirPath = "";
			projectRoot = "";
			targets = (
				314A3AAE2BDC056500AF8B9F /* iOSTest */,
			);
		};
/* End PBXProject section */

/* Begin PBXResourcesBuildPhase section */
		314A3AAD2BDC056500AF8B9F /* Resources */ = {
			isa = PBXResourcesBuildPhase;
			buildActionMask = 2147483647;
			files = (
				314A3ABF2BDC056700AF8B9F /* LaunchScreen.storyboard in Resources */,
				314A3ABC2BDC056700AF8B9F /* Assets.xcassets in Resources */,
				314A3ABA2BDC056600AF8B9F /* Main.storyboard in Resources */,
			);
			runOnlyForDeploymentPostprocessing = 0;
		};
/* End PBXResourcesBuildPhase section */

/* Begin PBXSourcesBuildPhase section */
		314A3AAB2BDC056500AF8B9F /* Sources */ = {
			isa = PBXSourcesBuildPhase;
			buildActionMask = 2147483647;
			files = (
				314A3ACF2BDC06AB00AF8B9F /* PostViewModel.swift in Sources */,
				314A3AB72BDC056600AF8B9F /* ViewController.swift in Sources */,
				314A3AB32BDC056500AF8B9F /* AppDelegate.swift in Sources */,
				314A3ACB2BDC062600AF8B9F /* APIService.swift in Sources */,
				314A3AB52BDC056600AF8B9F /* SceneDelegate.swift in Sources */,
				314A3ACD2BDC065C00AF8B9F /* Post.swift in Sources */,
				D87CF4942BDC1B130082CB02 /* DetailViewController.swift in Sources */,
			);
			runOnlyForDeploymentPostprocessing = 0;
		};
/* End PBXSourcesBuildPhase section */

/* Begin PBXVariantGroup section */
		314A3AB82BDC056600AF8B9F /* Main.storyboard */ = {
			isa = PBXVariantGroup;
			children = (
				314A3AB92BDC056600AF8B9F /* Base */,
			);
			name = Main.storyboard;
			sourceTree = "<group>";
		};
		314A3ABD2BDC056700AF8B9F /* LaunchScreen.storyboard */ = {
			isa = PBXVariantGroup;
			children = (
				314A3ABE2BDC056700AF8B9F /* Base */,
			);
			name = LaunchScreen.storyboard;
			sourceTree = "<group>";
		};
/* End PBXVariantGroup section */

/* Begin XCBuildConfiguration section */
		314A3AC12BDC056700AF8B9F /* Debug */ = {
			isa = XCBuildConfiguration;
			buildSettings = {
				ALWAYS_SEARCH_USER_PATHS = NO;
				ASSETCATALOG_COMPILER_GENERATE_SWIFT_ASSET_SYMBOL_EXTENSIONS = YES;
				CLANG_ANALYZER_NONNULL = YES;
				CLANG_ANALYZER_NUMBER_OBJECT_CONVERSION = YES_AGGRESSIVE;
				CLANG_CXX_LANGUAGE_STANDARD = "gnu++20";
				CLANG_ENABLE_MODULES = YES;
				CLANG_ENABLE_OBJC_ARC = YES;
				CLANG_ENABLE_OBJC_WEAK = YES;
				CLANG_WARN_BLOCK_CAPTURE_AUTORELEASING = YES;
				CLANG_WARN_BOOL_CONVERSION = YES;
				CLANG_WARN_COMMA = YES;
				CLANG_WARN_CONSTANT_CONVERSION = YES;
				CLANG_WARN_DEPRECATED_OBJC_IMPLEMENTATIONS = YES;
				CLANG_WARN_DIRECT_OBJC_ISA_USAGE = YES_ERROR;
				CLANG_WARN_DOCUMENTATION_COMMENTS = YES;
				CLANG_WARN_EMPTY_BODY = YES;
				CLANG_WARN_ENUM_CONVERSION = YES;
				CLANG_WARN_INFINITE_RECURSION = YES;
				CLANG_WARN_INT_CONVERSION = YES;
				CLANG_WARN_NON_LITERAL_NULL_CONVERSION = YES;
				CLANG_WARN_OBJC_IMPLICIT_RETAIN_SELF = YES;
				CLANG_WARN_OBJC_LITERAL_CONVERSION = YES;
				CLANG_WARN_OBJC_ROOT_CLASS = YES_ERROR;
				CLANG_WARN_QUOTED_INCLUDE_IN_FRAMEWORK_HEADER = YES;
				CLANG_WARN_RANGE_LOOP_ANALYSIS = YES;
				CLANG_WARN_STRICT_PROTOTYPES = YES;
				CLANG_WARN_SUSPICIOUS_MOVE = YES;
				CLANG_WARN_UNGUARDED_AVAILABILITY = YES_AGGRESSIVE;
				CLANG_WARN_UNREACHABLE_CODE = YES;
				CLANG_WARN__DUPLICATE_METHOD_MATCH = YES;
				COPY_PHASE_STRIP = NO;
				DEBUG_INFORMATION_FORMAT = dwarf;
				ENABLE_STRICT_OBJC_MSGSEND = YES;
				ENABLE_TESTABILITY = YES;
				ENABLE_USER_SCRIPT_SANDBOXING = YES;
				GCC_C_LANGUAGE_STANDARD = gnu17;
				GCC_DYNAMIC_NO_PIC = NO;
				GCC_NO_COMMON_BLOCKS = YES;
				GCC_OPTIMIZATION_LEVEL = 0;
				GCC_PREPROCESSOR_DEFINITIONS = (
					"DEBUG=1",
					"$(inherited)",
				);
				GCC_WARN_64_TO_32_BIT_CONVERSION = YES;
				GCC_WARN_ABOUT_RETURN_TYPE = YES_ERROR;
				GCC_WARN_UNDECLARED_SELECTOR = YES;
				GCC_WARN_UNINITIALIZED_AUTOS = YES_AGGRESSIVE;
				GCC_WARN_UNUSED_FUNCTION = YES;
				GCC_WARN_UNUSED_VARIABLE = YES;
				IPHONEOS_DEPLOYMENT_TARGET = 17.0;
				LOCALIZATION_PREFERS_STRING_CATALOGS = YES;
				MTL_ENABLE_DEBUG_INFO = INCLUDE_SOURCE;
				MTL_FAST_MATH = YES;
				ONLY_ACTIVE_ARCH = YES;
				SDKROOT = iphoneos;
				SWIFT_ACTIVE_COMPILATION_CONDITIONS = "DEBUG $(inherited)";
				SWIFT_OPTIMIZATION_LEVEL = "-Onone";
			};
			name = Debug;
		};
		314A3AC22BDC056700AF8B9F /* Release */ = {
			isa = XCBuildConfiguration;
			buildSettings = {
				ALWAYS_SEARCH_USER_PATHS = NO;
				ASSETCATALOG_COMPILER_GENERATE_SWIFT_ASSET_SYMBOL_EXTENSIONS = YES;
				CLANG_ANALYZER_NONNULL = YES;
				CLANG_ANALYZER_NUMBER_OBJECT_CONVERSION = YES_AGGRESSIVE;
				CLANG_CXX_LANGUAGE_STANDARD = "gnu++20";
				CLANG_ENABLE_MODULES = YES;
				CLANG_ENABLE_OBJC_ARC = YES;
				CLANG_ENABLE_OBJC_WEAK = YES;
				CLANG_WARN_BLOCK_CAPTURE_AUTORELEASING = YES;
				CLANG_WARN_BOOL_CONVERSION = YES;
				CLANG_WARN_COMMA = YES;
				CLANG_WARN_CONSTANT_CONVERSION = YES;
				CLANG_WARN_DEPRECATED_OBJC_IMPLEMENTATIONS = YES;
				CLANG_WARN_DIRECT_OBJC_ISA_USAGE = YES_ERROR;
				CLANG_WARN_DOCUMENTATION_COMMENTS = YES;
				CLANG_WARN_EMPTY_BODY = YES;
				CLANG_WARN_ENUM_CONVERSION = YES;
				CLANG_WARN_INFINITE_RECURSION = YES;
				CLANG_WARN_INT_CONVERSION = YES;
				CLANG_WARN_NON_LITERAL_NULL_CONVERSION = YES;
				CLANG_WARN_OBJC_IMPLICIT_RETAIN_SELF = YES;
				CLANG_WARN_OBJC_LITERAL_CONVERSION = YES;
				CLANG_WARN_OBJC_ROOT_CLASS = YES_ERROR;
				CLANG_WARN_QUOTED_INCLUDE_IN_FRAMEWORK_HEADER = YES;
				CLANG_WARN_RANGE_LOOP_ANALYSIS = YES;
				CLANG_WARN_STRICT_PROTOTYPES = YES;
				CLANG_WARN_SUSPICIOUS_MOVE = YES;
				CLANG_WARN_UNGUARDED_AVAILABILITY = YES_AGGRESSIVE;
				CLANG_WARN_UNREACHABLE_CODE = YES;
				CLANG_WARN__DUPLICATE_METHOD_MATCH = YES;
				COPY_PHASE_STRIP = NO;
				DEBUG_INFORMATION_FORMAT = "dwarf-with-dsym";
				ENABLE_NS_ASSERTIONS = NO;
				ENABLE_STRICT_OBJC_MSGSEND = YES;
				ENABLE_USER_SCRIPT_SANDBOXING = YES;
				GCC_C_LANGUAGE_STANDARD = gnu17;
				GCC_NO_COMMON_BLOCKS = YES;
				GCC_WARN_64_TO_32_BIT_CONVERSION = YES;
				GCC_WARN_ABOUT_RETURN_TYPE = YES_ERROR;
				GCC_WARN_UNDECLARED_SELECTOR = YES;
				GCC_WARN_UNINITIALIZED_AUTOS = YES_AGGRESSIVE;
				GCC_WARN_UNUSED_FUNCTION = YES;
				GCC_WARN_UNUSED_VARIABLE = YES;
				IPHONEOS_DEPLOYMENT_TARGET = 17.0;
				LOCALIZATION_PREFERS_STRING_CATALOGS = YES;
				MTL_ENABLE_DEBUG_INFO = NO;
				MTL_FAST_MATH = YES;
				SDKROOT = iphoneos;
				SWIFT_COMPILATION_MODE = wholemodule;
				VALIDATE_PRODUCT = YES;
			};
			name = Release;
		};
		314A3AC42BDC056700AF8B9F /* Debug */ = {
			isa = XCBuildConfiguration;
			buildSettings = {
				ASSETCATALOG_COMPILER_APPICON_NAME = AppIcon;
				ASSETCATALOG_COMPILER_GLOBAL_ACCENT_COLOR_NAME = AccentColor;
				CODE_SIGN_STYLE = Automatic;
				CURRENT_PROJECT_VERSION = 1;
				GENERATE_INFOPLIST_FILE = YES;
				INFOPLIST_FILE = iOSTest/Info.plist;
				INFOPLIST_KEY_UIApplicationSupportsIndirectInputEvents = YES;
				INFOPLIST_KEY_UILaunchStoryboardName = LaunchScreen;
				INFOPLIST_KEY_UIMainStoryboardFile = Main;
				INFOPLIST_KEY_UISupportedInterfaceOrientations_iPad = "UIInterfaceOrientationPortrait UIInterfaceOrientationPortraitUpsideDown UIInterfaceOrientationLandscapeLeft UIInterfaceOrientationLandscapeRight";
				INFOPLIST_KEY_UISupportedInterfaceOrientations_iPhone = "UIInterfaceOrientationPortrait UIInterfaceOrientationLandscapeLeft UIInterfaceOrientationLandscapeRight";
				LD_RUNPATH_SEARCH_PATHS = (
					"$(inherited)",
					"@executable_path/Frameworks",
				);
				MARKETING_VERSION = 1.0;
				PRODUCT_BUNDLE_IDENTIFIER = com.madhuri.iOSTest;
				PRODUCT_NAME = "$(TARGET_NAME)";
				SWIFT_EMIT_LOC_STRINGS = YES;
				SWIFT_VERSION = 5.0;
				TARGETED_DEVICE_FAMILY = "1,2";
			};
			name = Debug;
		};
		314A3AC52BDC056700AF8B9F /* Release */ = {
			isa = XCBuildConfiguration;
			buildSettings = {
				ASSETCATALOG_COMPILER_APPICON_NAME = AppIcon;
				ASSETCATALOG_COMPILER_GLOBAL_ACCENT_COLOR_NAME = AccentColor;
				CODE_SIGN_STYLE = Automatic;
				CURRENT_PROJECT_VERSION = 1;
				GENERATE_INFOPLIST_FILE = YES;
				INFOPLIST_FILE = iOSTest/Info.plist;
				INFOPLIST_KEY_UIApplicationSupportsIndirectInputEvents = YES;
				INFOPLIST_KEY_UILaunchStoryboardName = LaunchScreen;
				INFOPLIST_KEY_UIMainStoryboardFile = Main;
				INFOPLIST_KEY_UISupportedInterfaceOrientations_iPad = "UIInterfaceOrientationPortrait UIInterfaceOrientationPortraitUpsideDown UIInterfaceOrientationLandscapeLeft UIInterfaceOrientationLandscapeRight";
				INFOPLIST_KEY_UISupportedInterfaceOrientations_iPhone = "UIInterfaceOrientationPortrait UIInterfaceOrientationLandscapeLeft UIInterfaceOrientationLandscapeRight";
				LD_RUNPATH_SEARCH_PATHS = (
					"$(inherited)",
					"@executable_path/Frameworks",
				);
				MARKETING_VERSION = 1.0;
				PRODUCT_BUNDLE_IDENTIFIER = com.madhuri.iOSTest;
				PRODUCT_NAME = "$(TARGET_NAME)";
				SWIFT_EMIT_LOC_STRINGS = YES;
				SWIFT_VERSION = 5.0;
				TARGETED_DEVICE_FAMILY = "1,2";
			};
			name = Release;
		};
/* End XCBuildConfiguration section */

/* Begin XCConfigurationList section */
		314A3AAA2BDC056500AF8B9F /* Build configuration list for PBXProject "iOSTest" */ = {
			isa = XCConfigurationList;
			buildConfigurations = (
				314A3AC12BDC056700AF8B9F /* Debug */,
				314A3AC22BDC056700AF8B9F /* Release */,
			);
			defaultConfigurationIsVisible = 0;
			defaultConfigurationName = Release;
		};
		314A3AC32BDC056700AF8B9F /* Build configuration list for PBXNativeTarget "iOSTest" */ = {
			isa = XCConfigurationList;
			buildConfigurations = (
				314A3AC42BDC056700AF8B9F /* Debug */,
				314A3AC52BDC056700AF8B9F /* Release */,
			);
			defaultConfigurationIsVisible = 0;
			defaultConfigurationName = Release;
		};
/* End XCConfigurationList section */
	};
	rootObject = 314A3AA72BDC056500AF8B9F /* Project object */;
}
